dependencies:
- name: macstadium-worker
  repository: file://../charts/macstadium-worker
  version: 0.1.0
- name: macstadium-worker
  repository: file://../charts/macstadium-worker
  version: 0.1.0
- name: jupiter-brain
  repository: file://../charts/jupiter-brain
  version: 0.1.0
- name: jupiter-brain
  repository: file://../charts/jupiter-brain
  version: 0.1.0
- name: vsphere-monitor
  repository: file://../charts/vsphere-monitor
  version: 0.1.0
- name: vsphere-janitor
  repository: file://../charts/vsphere-janitor
  version: 0.1.0
digest: sha256:964c20773994b1215badd0fac9bc76c084911e8674e56b1e83930764563e4f16
generated: 2018-11-13T11:55:00.375594-06:00
