dependencies:
- name: macstadium-worker
  repository: file://../charts/macstadium-worker
  version: 0.1.0
- name: macstadium-worker
  repository: file://../charts/macstadium-worker
  version: 0.1.0
- name: macstadium-jupiter-brain
  repository: file://../charts/macstadium-jupiter-brain
  version: 0.1.0
- name: macstadium-jupiter-brain
  repository: file://../charts/macstadium-jupiter-brain
  version: 0.1.0
- name: vsphere-monitor
  repository: file://../charts/vsphere-monitor
  version: 0.1.0
digest: sha256:2e02987b73d19360af73e5bd9bf4dc2380986bddbef22ca1bf04752e45c5580c
generated: 2018-11-11T20:51:51.996873-06:00
