dependencies:
- name: macstadium-worker
  repository: file://../charts/macstadium-worker
  version: 0.1.0
- name: jupiter-brain
  repository: file://../charts/jupiter-brain
  version: 0.1.0
- name: jupiter-brain
  repository: file://../charts/jupiter-brain
  version: 0.1.0
digest: sha256:fe39a0f6ffea46d7b1d23b77392ccf0be3b591b663fba7c40f7d8da10bf63938
generated: 2018-11-13T11:54:36.215133-06:00
